
Microsoft Visual Studio Solution File, Format Version 12.00
# Visual Studio Version 17
VisualStudioVersion = 17.0.32126.317
MinimumVisualStudioVersion = 10.0.40219.1
Project("{9A19103F-16F7-4668-BE54-9A1E7A4F7556}") = "Domain", "Domain\Domain.csproj", "{F363C303-9F1D-4C36-B7C1-CEBC949CF3CC}"
EndProject
Project("{9A19103F-16F7-4668-BE54-9A1E7A4F7556}") = "Application", "Application\Application.csproj", "{21A88139-EC49-455C-8A18-3E88620A1301}"
EndProject
Project("{2150E333-8FDC-42A3-9474-1A3956D46DE8}") = "src", "src", "{ABDA87A4-8982-4158-8294-B964E6896898}"
EndProject
Project("{2150E333-8FDC-42A3-9474-1A3956D46DE8}") = "tests", "tests", "{68F85E71-970F-461B-8554-971616004F1A}"
EndProject
Project("{9A19103F-16F7-4668-BE54-9A1E7A4F7556}") = "Presentation.BlazorServer", "Presentation.BlazorServer\Presentation.BlazorServer.csproj", "{8391C50D-1263-456D-A063-E6C9C014B1D6}"
EndProject
Project("{FAE04EC0-301F-11D3-BF4B-00C04F79EFBC}") = "Infrastructure", "Infrastructure\Infrastructure.csproj", "{2BB09417-D9EF-4AA3-82D2-AB43A9EEA767}"
EndProject
Global
	GlobalSection(SolutionConfigurationPlatforms) = preSolution
		Debug|Any CPU = Debug|Any CPU
		Release|Any CPU = Release|Any CPU
	EndGlobalSection
	GlobalSection(ProjectConfigurationPlatforms) = postSolution
		{F363C303-9F1D-4C36-B7C1-CEBC949CF3CC}.Debug|Any CPU.ActiveCfg = Debug|Any CPU
		{F363C303-9F1D-4C36-B7C1-CEBC949CF3CC}.Debug|Any CPU.Build.0 = Debug|Any CPU
		{F363C303-9F1D-4C36-B7C1-CEBC949CF3CC}.Release|Any CPU.ActiveCfg = Release|Any CPU
		{F363C303-9F1D-4C36-B7C1-CEBC949CF3CC}.Release|Any CPU.Build.0 = Release|Any CPU
		{21A88139-EC49-455C-8A18-3E88620A1301}.Debug|Any CPU.ActiveCfg = Debug|Any CPU
		{21A88139-EC49-455C-8A18-3E88620A1301}.Debug|Any CPU.Build.0 = Debug|Any CPU
		{21A88139-EC49-455C-8A18-3E88620A1301}.Release|Any CPU.ActiveCfg = Release|Any CPU
		{21A88139-EC49-455C-8A18-3E88620A1301}.Release|Any CPU.Build.0 = Release|Any CPU
		{8391C50D-1263-456D-A063-E6C9C014B1D6}.Debug|Any CPU.ActiveCfg = Debug|Any CPU
		{8391C50D-1263-456D-A063-E6C9C014B1D6}.Debug|Any CPU.Build.0 = Debug|Any CPU
		{8391C50D-1263-456D-A063-E6C9C014B1D6}.Release|Any CPU.ActiveCfg = Release|Any CPU
		{8391C50D-1263-456D-A063-E6C9C014B1D6}.Release|Any CPU.Build.0 = Release|Any CPU
		{2BB09417-D9EF-4AA3-82D2-AB43A9EEA767}.Debug|Any CPU.ActiveCfg = Debug|Any CPU
		{2BB09417-D9EF-4AA3-82D2-AB43A9EEA767}.Debug|Any CPU.Build.0 = Debug|Any CPU
		{2BB09417-D9EF-4AA3-82D2-AB43A9EEA767}.Release|Any CPU.ActiveCfg = Release|Any CPU
		{2BB09417-D9EF-4AA3-82D2-AB43A9EEA767}.Release|Any CPU.Build.0 = Release|Any CPU
	EndGlobalSection
	GlobalSection(SolutionProperties) = preSolution
		HideSolutionNode = FALSE
	EndGlobalSection
	GlobalSection(NestedProjects) = preSolution
		{F363C303-9F1D-4C36-B7C1-CEBC949CF3CC} = {ABDA87A4-8982-4158-8294-B964E6896898}
		{21A88139-EC49-455C-8A18-3E88620A1301} = {ABDA87A4-8982-4158-8294-B964E6896898}
		{8391C50D-1263-456D-A063-E6C9C014B1D6} = {ABDA87A4-8982-4158-8294-B964E6896898}
		{2BB09417-D9EF-4AA3-82D2-AB43A9EEA767} = {ABDA87A4-8982-4158-8294-B964E6896898}
	EndGlobalSection
	GlobalSection(ExtensibilityGlobals) = postSolution
		SolutionGuid = {A8AAD556-AD0F-46B8-95EE-4C19199B99BE}
	EndGlobalSection
EndGlobal
